<?xml version="1.0" encoding="utf-8"?>
<Project ToolsVersion="4.0" xmlns="http://schemas.microsoft.com/developer/msbuild/2003">
  <ItemGroup>
    <Filter Include="Resource Files">
      <UniqueIdentifier>{67DA6AB6-F800-4c08-8B7A-83BB121AAD01}</UniqueIdentifier>
      <Extensions>rc;ico;cur;bmp;dlg;rc2;rct;bin;rgs;gif;jpg;jpeg;jpe;resx;tiff;tif;png;wav;mfcribbon-ms</Extensions>
    </Filter>
    <Filter Include="chart">
      <UniqueIdentifier>{9c680d65-b81a-47a7-95de-4d7e341134e5}</UniqueIdentifier>
    </Filter>
  </ItemGroup>
  <ItemGroup>
    <ClInclude Include="Example.h" />
    <ClInclude Include="ExampleDlg.h" />
    <ClInclude Include="Resource.h" />
    <ClInclude Include="stdafx.h" />
    <ClInclude Include="targetver.h" />
    <ClInclude Include="..\Comm\ChartWindow.h">
      <Filter>chart</Filter>
    </ClInclude>
    <ClInclude Include="..\Comm\PlotGlobal.h">
      <Filter>chart</Filter>
    </ClInclude>
  </ItemGroup>
  <ItemGroup>
    <ClCompile Include="Example.cpp" />
    <ClCompile Include="ExampleDlg.cpp" />
    <ClCompile Include="stdafx.cpp" />
    <ClCompile Include="..\Comm\ChartWindow.cpp">
      <Filter>chart</Filter>
    </ClCompile>
  </ItemGroup>
  <ItemGroup>
    <ResourceCompile Include="Example.rc">
      <Filter>Resource Files</Filter>
    </ResourceCompile>
  </ItemGroup>
  <ItemGroup>
    <None Include="res\Example.rc2">
      <Filter>Resource Files</Filter>
    </None>
  </ItemGroup>
  <ItemGroup>
    <Image Include="res\Example.ico">
      <Filter>Resource Files</Filter>
    </Image>
  </ItemGroup>
</Project>